
Microsoft Visual Studio Solution File, Format Version 12.00
# Visual Studio Version 16
VisualStudioVersion = 16.0.29911.84
MinimumVisualStudioVersion = 10.0.40219.1
Project("{FAE04EC0-301F-11D3-BF4B-00C04F79EFBC}") = "ObjectDe", "MY_PROJECT_NAME\MY_PROJECT_NAME.csproj", "{2e4f69cc-27b6-45d6-84fa-6315629b726c}"
EndProject
Global
	GlobalSection(SolutionConfigurationPlatforms) = preSolution
		Debug|Any CPU = Debug|Any CPU
		Release|Any CPU = Release|Any CPU
	EndGlobalSection
	GlobalSection(ProjectConfigurationPlatforms) = postSolution
		{2e4f69cc-27b6-45d6-84fa-6315629b726c}.Debug|Any CPU.ActiveCfg = Debug|Any CPU
		{2e4f69cc-27b6-45d6-84fa-6315629b726c}.Debug|Any CPU.Build.0 = Debug|Any CPU
		{2e4f69cc-27b6-45d6-84fa-6315629b726c}.Release|Any CPU.ActiveCfg = Release|Any CPU
		{2e4f69cc-27b6-45d6-84fa-6315629b726c}.Release|Any CPU.Build.0 = Release|Any CPU
	EndGlobalSection
	GlobalSection(SolutionProperties) = preSolution
		HideSolutionNode = FALSE
	EndGlobalSection
	GlobalSection(ExtensibilityGlobals) = postSolution
		SolutionGuid = {0EBE6A2B-FED0-4B28-839E-25D5F435AD86}
	EndGlobalSection
EndGlobal
